Microsoft Visual Studio Solution File, Format Version 12.00
# Visual Studio Version 17
VisualStudioVersion = 17.5.2.0
MinimumVisualStudioVersion = 10.0.40219.1
Project("{FAE04EC0-301F-11D3-BF4B-00C04F79EFBC}") = "guest-house-backend", "guest-house-backend\guest-house-backend.csproj", "{A6DB1631-22E0-8950-EEED-E5817624E419}"
EndProject
Global
	GlobalSection(SolutionConfigurationPlatforms) = preSolution
		Debug|Any CPU = Debug|Any CPU
		Release|Any CPU = Release|Any CPU
	EndGlobalSection
	GlobalSection(ProjectConfigurationPlatforms) = postSolution
		{A6DB1631-22E0-8950-EEED-E5817624E419}.Debug|Any CPU.ActiveCfg = Debug|Any CPU
		{A6DB1631-22E0-8950-EEED-E5817624E419}.Debug|Any CPU.Build.0 = Debug|Any CPU
		{A6DB1631-22E0-8950-EEED-E5817624E419}.Release|Any CPU.ActiveCfg = Release|Any CPU
		{A6DB1631-22E0-8950-EEED-E5817624E419}.Release|Any CPU.Build.0 = Release|Any CPU
	EndGlobalSection
	GlobalSection(SolutionProperties) = preSolution
		HideSolutionNode = FALSE
	EndGlobalSection
	GlobalSection(ExtensibilityGlobals) = postSolution
		SolutionGuid = {D37DBFD1-927C-4B20-99BD-E89D971418BB}
	EndGlobalSection
EndGlobal
